
Microsoft Visual Studio Solution File, Format Version 12.00
# Visual Studio Version 16
VisualStudioVersion = 16.0.810.11
MinimumVisualStudioVersion = 10.0.40219.1
Project("{FAE04EC0-301F-11D3-BF4B-00C04F79EFBC}") = "QuestionaireApi", "QuestionaireApi\QuestionaireApi.csproj", "{C66340BB-2A93-4847-AA78-73882ED8194F}"
EndProject
Project("{FAE04EC0-301F-11D3-BF4B-00C04F79EFBC}") = "Questionaire.common", "Questionaire.common\Questionaire.common.csproj", "{4EDA9136-822F-48E7-AA00-896DD4A611C0}"
EndProject
Project("{FAE04EC0-301F-11D3-BF4B-00C04F79EFBC}") = "QuestionaireHelper", "QuestionaireHelper\QuestionaireHelper.csproj", "{6ADCA91F-FC08-4FBA-AF8D-AB51A7C67BFE}"
EndProject
Project("{2150E333-8FDC-42A3-9474-1A3956D46DE8}") = "Configs", "Configs", "{249C8D00-A5E1-461C-B48D-117A43E48A09}"
	ProjectSection(SolutionItems) = preProject
		Configs\log4net.config = Configs\log4net.config
		Configs\questionnaire.hibernate.cfg.xml = Configs\questionnaire.hibernate.cfg.xml
	EndProjectSection
EndProject
Global
	GlobalSection(SolutionConfigurationPlatforms) = preSolution
		Debug|Any CPU = Debug|Any CPU
		Release|Any CPU = Release|Any CPU
	EndGlobalSection
	GlobalSection(ProjectConfigurationPlatforms) = postSolution
		{C66340BB-2A93-4847-AA78-73882ED8194F}.Debug|Any CPU.ActiveCfg = Debug|Any CPU
		{C66340BB-2A93-4847-AA78-73882ED8194F}.Debug|Any CPU.Build.0 = Debug|Any CPU
		{C66340BB-2A93-4847-AA78-73882ED8194F}.Release|Any CPU.ActiveCfg = Release|Any CPU
		{C66340BB-2A93-4847-AA78-73882ED8194F}.Release|Any CPU.Build.0 = Release|Any CPU
		{4EDA9136-822F-48E7-AA00-896DD4A611C0}.Debug|Any CPU.ActiveCfg = Debug|Any CPU
		{4EDA9136-822F-48E7-AA00-896DD4A611C0}.Debug|Any CPU.Build.0 = Debug|Any CPU
		{4EDA9136-822F-48E7-AA00-896DD4A611C0}.Release|Any CPU.ActiveCfg = Release|Any CPU
		{4EDA9136-822F-48E7-AA00-896DD4A611C0}.Release|Any CPU.Build.0 = Release|Any CPU
		{6ADCA91F-FC08-4FBA-AF8D-AB51A7C67BFE}.Debug|Any CPU.ActiveCfg = Debug|Any CPU
		{6ADCA91F-FC08-4FBA-AF8D-AB51A7C67BFE}.Debug|Any CPU.Build.0 = Debug|Any CPU
		{6ADCA91F-FC08-4FBA-AF8D-AB51A7C67BFE}.Release|Any CPU.ActiveCfg = Release|Any CPU
		{6ADCA91F-FC08-4FBA-AF8D-AB51A7C67BFE}.Release|Any CPU.Build.0 = Release|Any CPU
	EndGlobalSection
	GlobalSection(SolutionProperties) = preSolution
		HideSolutionNode = FALSE
	EndGlobalSection
	GlobalSection(ExtensibilityGlobals) = postSolution
		SolutionGuid = {6BA5AE69-0521-4083-B1F9-A3A71A848B97}
	EndGlobalSection
EndGlobal
